// !$*UTF8*$!
{
	archiveVersion = 1;
	classes = {
	};
	objectVersion = 46;
	objects = {

/* Begin PBXBuildFile section */
		5A2A44441DE41EDD006B7B97 /* AppDelegate.swift in Sources */ = {isa = PBXBuildFile; fileRef = 5A2A44431DE41EDD006B7B97 /* AppDelegate.swift */; };
		5A2A44461DE41EDD006B7B97 /* ViewController.swift in Sources */ = {isa = PBXBuildFile; fileRef = 5A2A44451DE41EDD006B7B97 /* ViewController.swift */; };
		5A2A44491DE41EDD006B7B97 /* Main.storyboard in Resources */ = {isa = PBXBuildFile; fileRef = 5A2A44471DE41EDD006B7B97 /* Main.storyboard */; };
		5A2A444B1DE41EDD006B7B97 /* Assets.xcassets in Resources */ = {isa = PBXBuildFile; fileRef = 5A2A444A1DE41EDD006B7B97 /* Assets.xcassets */; };
		5A2A444E1DE41EDD006B7B97 /* LaunchScreen.storyboard in Resources */ = {isa = PBXBuildFile; fileRef = 5A2A444C1DE41EDD006B7B97 /* LaunchScreen.storyboard */; };
		5A2A44591DE41EDD006B7B97 /* iOSHeadPhoneTests.swift in Sources */ = {isa = PBXBuildFile; fileRef = 5A2A44581DE41EDD006B7B97 /* iOSHeadPhoneTests.swift */; };
		5A2A44641DE41EDD006B7B97 /* iOSHeadPhoneUITests.swift in Sources */ = {isa = PBXBuildFile; fileRef = 5A2A44631DE41EDD006B7B97 /* iOSHeadPhoneUITests.swift */; };
/* End PBXBuildFile section */

/* Begin PBXContainerItemProxy section */
		5A2A44551DE41EDD006B7B97 /* PBXContainerItemProxy */ = {
			isa = PBXContainerItemProxy;
			containerPortal = 5A2A44381DE41EDC006B7B97 /* Project object */;
			proxyType = 1;
			remoteGlobalIDString = 5A2A443F1DE41EDD006B7B97;
			remoteInfo = iOSHeadPhone;
		};
		5A2A44601DE41EDD006B7B97 /* PBXContainerItemProxy */ = {
			isa = PBXContainerItemProxy;
			containerPortal = 5A2A44381DE41EDC006B7B97 /* Project object */;
			proxyType = 1;
			remoteGlobalIDString = 5A2A443F1DE41EDD006B7B97;
			remoteInfo = iOSHeadPhone;
		};
/* End PBXContainerItemProxy section */

/* Begin PBXFileReference section */
		5A2A44401DE41EDD006B7B97 /* iOSHeadPhone.app */ = {isa = PBXFileReference; explicitFileType = wrapper.application; includeInIndex = 0; path = iOSHeadPhone.app; sourceTree = BUILT_PRODUCTS_DIR; };
		5A2A44431DE41EDD006B7B97 /* AppDelegate.swift */ = {isa = PBXFileReference; lastKnownFileType = sourcecode.swift; path = AppDelegate.swift; sourceTree = "<group>"; };
		5A2A44451DE41EDD006B7B97 /* ViewController.swift */ = {isa = PBXFileReference; lastKnownFileType = sourcecode.swift; path = ViewController.swift; sourceTree = "<group>"; };
		5A2A44481DE41EDD006B7B97 /* Base */ = {isa = PBXFileReference; lastKnownFileType = file.storyboard; name = Base; path = Base.lproj/Main.storyboard; sourceTree = "<group>"; };
		5A2A444A1DE41EDD006B7B97 /* Assets.xcassets */ = {isa = PBXFileReference; lastKnownFileType = folder.assetcatalog; path = Assets.xcassets; sourceTree = "<group>"; };
		5A2A444D1DE41EDD006B7B97 /* Base */ = {isa = PBXFileReference; lastKnownFileType = file.storyboard; name = Base; path = Base.lproj/LaunchScreen.storyboard; sourceTree = "<group>"; };
		5A2A444F1DE41EDD006B7B97 /* Info.plist */ = {isa = PBXFileReference; lastKnownFileType = text.plist.xml; path = Info.plist; sourceTree = "<group>"; };
		5A2A44541DE41EDD006B7B97 /* iOSHeadPhoneTests.xctest */ = {isa = PBXFileReference; explicitFileType = wrapper.cfbundle; includeInIndex = 0; path = iOSHeadPhoneTests.xctest; sourceTree = BUILT_PRODUCTS_DIR; };
		5A2A44581DE41EDD006B7B97 /* iOSHeadPhoneTests.swift */ = {isa = PBXFileReference; lastKnownFileType = sourcecode.swift; path = iOSHeadPhoneTests.swift; sourceTree = "<group>"; };
		5A2A445A1DE41EDD006B7B97 /* Info.plist */ = {isa = PBXFileReference; lastKnownFileType = text.plist.xml; path = Info.plist; sourceTree = "<group>"; };
		5A2A445F1DE41EDD006B7B97 /* iOSHeadPhoneUITests.xctest */ = {isa = PBXFileReference; explicitFileType = wrapper.cfbundle; includeInIndex = 0; path = iOSHeadPhoneUITests.xctest; sourceTree = BUILT_PRODUCTS_DIR; };
		5A2A44631DE41EDD006B7B97 /* iOSHeadPhoneUITests.swift */ = {isa = PBXFileReference; lastKnownFileType = sourcecode.swift; path = iOSHeadPhoneUITests.swift; sourceTree = "<group>"; };
		5A2A44651DE41EDD006B7B97 /* Info.plist */ = {isa = PBXFileReference; lastKnownFileType = text.plist.xml; path = Info.plist; sourceTree = "<group>"; };
/* End PBXFileReference section */

/* Begin PBXFrameworksBuildPhase section */
		5A2A443D1DE41EDD006B7B97 /* Frameworks */ = {
			isa = PBXFrameworksBuildPhase;
			buildActionMask = 2147483647;
			files = (
			);
			runOnlyForDeploymentPostprocessing = 0;
		};
		5A2A44511DE41EDD006B7B97 /* Frameworks */ = {
			isa = PBXFrameworksBuildPhase;
			buildActionMask = 2147483647;
			files = (
			);
			runOnlyForDeploymentPostprocessing = 0;
		};
		5A2A445C1DE41EDD006B7B97 /* Frameworks */ = {
			isa = PBXFrameworksBuildPhase;
			buildActionMask = 2147483647;
			files = (
			);
			runOnlyForDeploymentPostprocessing = 0;
		};
/* End PBXFrameworksBuildPhase section */

/* Begin PBXGroup section */
		5A2A44371DE41EDC006B7B97 = {
			isa = PBXGroup;
			children = (
				5A2A44421DE41EDD006B7B97 /* iOSHeadPhone */,
				5A2A44571DE41EDD006B7B97 /* iOSHeadPhoneTests */,
				5A2A44621DE41EDD006B7B97 /* iOSHeadPhoneUITests */,
				5A2A44411DE41EDD006B7B97 /* Products */,
			);
			sourceTree = "<group>";
		};
		5A2A44411DE41EDD006B7B97 /* Products */ = {
			isa = PBXGroup;
			children = (
				5A2A44401DE41EDD006B7B97 /* iOSHeadPhone.app */,
				5A2A44541DE41EDD006B7B97 /* iOSHeadPhoneTests.xctest */,
				5A2A445F1DE41EDD006B7B97 /* iOSHeadPhoneUITests.xctest */,
			);
			name = Products;
			sourceTree = "<group>";
		};
		5A2A44421DE41EDD006B7B97 /* iOSHeadPhone */ = {
			isa = PBXGroup;
			children = (
				5A2A44431DE41EDD006B7B97 /* AppDelegate.swift */,
				5A2A44451DE41EDD006B7B97 /* ViewController.swift */,
				5A2A44471DE41EDD006B7B97 /* Main.storyboard */,
				5A2A444A1DE41EDD006B7B97 /* Assets.xcassets */,
				5A2A444C1DE41EDD006B7B97 /* LaunchScreen.storyboard */,
				5A2A444F1DE41EDD006B7B97 /* Info.plist */,
			);
			path = iOSHeadPhone;
			sourceTree = "<group>";
		};
		5A2A44571DE41EDD006B7B97 /* iOSHeadPhoneTests */ = {
			isa = PBXGroup;
			children = (
				5A2A44581DE41EDD006B7B97 /* iOSHeadPhoneTests.swift */,
				5A2A445A1DE41EDD006B7B97 /* Info.plist */,
			);
			path = iOSHeadPhoneTests;
			sourceTree = "<group>";
		};
		5A2A44621DE41EDD006B7B97 /* iOSHeadPhoneUITests */ = {
			isa = PBXGroup;
			children = (
				5A2A44631DE41EDD006B7B97 /* iOSHeadPhoneUITests.swift */,
				5A2A44651DE41EDD006B7B97 /* Info.plist */,
			);
			path = iOSHeadPhoneUITests;
			sourceTree = "<group>";
		};
/* End PBXGroup section */

/* Begin PBXNativeTarget section */
		5A2A443F1DE41EDD006B7B97 /* iOSHeadPhone */ = {
			isa = PBXNativeTarget;
			buildConfigurationList = 5A2A44681DE41EDD006B7B97 /* Build configuration list for PBXNativeTarget "iOSHeadPhone" */;
			buildPhases = (
				5A2A443C1DE41EDD006B7B97 /* Sources */,
				5A2A443D1DE41EDD006B7B97 /* Frameworks */,
				5A2A443E1DE41EDD006B7B97 /* Resources */,
			);
			buildRules = (
			);
			dependencies = (
			);
			name = iOSHeadPhone;
			productName = iOSHeadPhone;
			productReference = 5A2A44401DE41EDD006B7B97 /* iOSHeadPhone.app */;
			productType = "com.apple.product-type.application";
		};
		5A2A44531DE41EDD006B7B97 /* iOSHeadPhoneTests */ = {
			isa = PBXNativeTarget;
			buildConfigurationList = 5A2A446B1DE41EDD006B7B97 /* Build configuration list for PBXNativeTarget "iOSHeadPhoneTests" */;
			buildPhases = (
				5A2A44501DE41EDD006B7B97 /* Sources */,
				5A2A44511DE41EDD006B7B97 /* Frameworks */,
				5A2A44521DE41EDD006B7B97 /* Resources */,
			);
			buildRules = (
			);
			dependencies = (
				5A2A44561DE41EDD006B7B97 /* PBXTargetDependency */,
			);
			name = iOSHeadPhoneTests;
			productName = iOSHeadPhoneTests;
			productReference = 5A2A44541DE41EDD006B7B97 /* iOSHeadPhoneTests.xctest */;
			productType = "com.apple.product-type.bundle.unit-test";
		};
		5A2A445E1DE41EDD006B7B97 /* iOSHeadPhoneUITests */ = {
			isa = PBXNativeTarget;
			buildConfigurationList = 5A2A446E1DE41EDD006B7B97 /* Build configuration list for PBXNativeTarget "iOSHeadPhoneUITests" */;
			buildPhases = (
				5A2A445B1DE41EDD006B7B97 /* Sources */,
				5A2A445C1DE41EDD006B7B97 /* Frameworks */,
				5A2A445D1DE41EDD006B7B97 /* Resources */,
			);
			buildRules = (
			);
			dependencies = (
				5A2A44611DE41EDD006B7B97 /* PBXTargetDependency */,
			);
			name = iOSHeadPhoneUITests;
			productName = iOSHeadPhoneUITests;
			productReference = 5A2A445F1DE41EDD006B7B97 /* iOSHeadPhoneUITests.xctest */;
			productType = "com.apple.product-type.bundle.ui-testing";
		};
/* End PBXNativeTarget section */

/* Begin PBXProject section */
		5A2A44381DE41EDC006B7B97 /* Project object */ = {
			isa = PBXProject;
			attributes = {
				LastSwiftUpdateCheck = 0720;
				LastUpgradeCheck = 0720;
				ORGANIZATIONNAME = EDF;
				TargetAttributes = {
					5A2A443F1DE41EDD006B7B97 = {
						CreatedOnToolsVersion = 7.2;
					};
					5A2A44531DE41EDD006B7B97 = {
						CreatedOnToolsVersion = 7.2;
						TestTargetID = 5A2A443F1DE41EDD006B7B97;
					};
					5A2A445E1DE41EDD006B7B97 = {
						CreatedOnToolsVersion = 7.2;
						TestTargetID = 5A2A443F1DE41EDD006B7B97;
					};
				};
			};
			buildConfigurationList = 5A2A443B1DE41EDC006B7B97 /* Build configuration list for PBXProject "iOSHeadPhone" */;
			compatibilityVersion = "Xcode 3.2";
			developmentRegion = English;
			hasScannedForEncodings = 0;
			knownRegions = (
				en,
				Base,
			);
			mainGroup = 5A2A44371DE41EDC006B7B97;
			productRefGroup = 5A2A44411DE41EDD006B7B97 /* Products */;
			projectDirPath = "";
			projectRoot = "";
			targets = (
				5A2A443F1DE41EDD006B7B97 /* iOSHeadPhone */,
				5A2A44531DE41EDD006B7B97 /* iOSHeadPhoneTests */,
				5A2A445E1DE41EDD006B7B97 /* iOSHeadPhoneUITests */,
			);
		};
/* End PBXProject section */

/* Begin PBXResourcesBuildPhase section */
		5A2A443E1DE41EDD006B7B97 /* Resources */ = {
			isa = PBXResourcesBuildPhase;
			buildActionMask = 2147483647;
			files = (
				5A2A444E1DE41EDD006B7B97 /* LaunchScreen.storyboard in Resources */,
				5A2A444B1DE41EDD006B7B97 /* Assets.xcassets in Resources */,
				5A2A44491DE41EDD006B7B97 /* Main.storyboard in Resources */,
			);
			runOnlyForDeploymentPostprocessing = 0;
		};
		5A2A44521DE41EDD006B7B97 /* Resources */ = {
			isa = PBXResourcesBuildPhase;
			buildActionMask = 2147483647;
			files = (
			);
			runOnlyForDeploymentPostprocessing = 0;
		};
		5A2A445D1DE41EDD006B7B97 /* Resources */ = {
			isa = PBXResourcesBuildPhase;
			buildActionMask = 2147483647;
			files = (
			);
			runOnlyForDeploymentPostprocessing = 0;
		};
/* End PBXResourcesBuildPhase section */

/* Begin PBXSourcesBuildPhase section */
		5A2A443C1DE41EDD006B7B97 /* Sources */ = {
			isa = PBXSourcesBuildPhase;
			buildActionMask = 2147483647;
			files = (
				5A2A44461DE41EDD006B7B97 /* ViewController.swift in Sources */,
				5A2A44441DE41EDD006B7B97 /* AppDelegate.swift in Sources */,
			);
			runOnlyForDeploymentPostprocessing = 0;
		};
		5A2A44501DE41EDD006B7B97 /* Sources */ = {
			isa = PBXSourcesBuildPhase;
			buildActionMask = 2147483647;
			files = (
				5A2A44591DE41EDD006B7B97 /* iOSHeadPhoneTests.swift in Sources */,
			);
			runOnlyForDeploymentPostprocessing = 0;
		};
		5A2A445B1DE41EDD006B7B97 /* Sources */ = {
			isa = PBXSourcesBuildPhase;
			buildActionMask = 2147483647;
			files = (
				5A2A44641DE41EDD006B7B97 /* iOSHeadPhoneUITests.swift in Sources */,
			);
			runOnlyForDeploymentPostprocessing = 0;
		};
/* End PBXSourcesBuildPhase section */

/* Begin PBXTargetDependency section */
		5A2A44561DE41EDD006B7B97 /* PBXTargetDependency */ = {
			isa = PBXTargetDependency;
			target = 5A2A443F1DE41EDD006B7B97 /* iOSHeadPhone */;
			targetProxy = 5A2A44551DE41EDD006B7B97 /* PBXContainerItemProxy */;
		};
		5A2A44611DE41EDD006B7B97 /* PBXTargetDependency */ = {
			isa = PBXTargetDependency;
			target = 5A2A443F1DE41EDD006B7B97 /* iOSHeadPhone */;
			targetProxy = 5A2A44601DE41EDD006B7B97 /* PBXContainerItemProxy */;
		};
/* End PBXTargetDependency section */

/* Begin PBXVariantGroup section */
		5A2A44471DE41EDD006B7B97 /* Main.storyboard */ = {
			isa = PBXVariantGroup;
			children = (
				5A2A44481DE41EDD006B7B97 /* Base */,
			);
			name = Main.storyboard;
			sourceTree = "<group>";
		};
		5A2A444C1DE41EDD006B7B97 /* LaunchScreen.storyboard */ = {
			isa = PBXVariantGroup;
			children = (
				5A2A444D1DE41EDD006B7B97 /* Base */,
			);
			name = LaunchScreen.storyboard;
			sourceTree = "<group>";
		};
/* End PBXVariantGroup section */

/* Begin XCBuildConfiguration section */
		5A2A44661DE41EDD006B7B97 /* Debug */ = {
			isa = XCBuildConfiguration;
			buildSettings = {
				ALWAYS_SEARCH_USER_PATHS = NO;
				CLANG_CXX_LANGUAGE_STANDARD = "gnu++0x";
				CLANG_CXX_LIBRARY = "libc++";
				CLANG_ENABLE_MODULES = YES;
				CLANG_ENABLE_OBJC_ARC = YES;
				CLANG_WARN_BOOL_CONVERSION = YES;
				CLANG_WARN_CONSTANT_CONVERSION = YES;
				CLANG_WARN_DIRECT_OBJC_ISA_USAGE = YES_ERROR;
				CLANG_WARN_EMPTY_BODY = YES;
				CLANG_WARN_ENUM_CONVERSION = YES;
				CLANG_WARN_INT_CONVERSION = YES;
				CLANG_WARN_OBJC_ROOT_CLASS = YES_ERROR;
				CLANG_WARN_UNREACHABLE_CODE = YES;
				CLANG_WARN__DUPLICATE_METHOD_MATCH = YES;
				"CODE_SIGN_IDENTITY[sdk=iphoneos*]" = "iPhone Developer";
				COPY_PHASE_STRIP = NO;
				DEBUG_INFORMATION_FORMAT = dwarf;
				ENABLE_STRICT_OBJC_MSGSEND = YES;
				ENABLE_TESTABILITY = YES;
				GCC_C_LANGUAGE_STANDARD = gnu99;
				GCC_DYNAMIC_NO_PIC = NO;
				GCC_NO_COMMON_BLOCKS = YES;
				GCC_OPTIMIZATION_LEVEL = 0;
				GCC_PREPROCESSOR_DEFINITIONS = (
					"DEBUG=1",
					"$(inherited)",
				);
				GCC_WARN_64_TO_32_BIT_CONVERSION = YES;
				GCC_WARN_ABOUT_RETURN_TYPE = YES_ERROR;
				GCC_WARN_UNDECLARED_SELECTOR = YES;
				GCC_WARN_UNINITIALIZED_AUTOS = YES_AGGRESSIVE;
				GCC_WARN_UNUSED_FUNCTION = YES;
				GCC_WARN_UNUSED_VARIABLE = YES;
				IPHONEOS_DEPLOYMENT_TARGET = 9.2;
				MTL_ENABLE_DEBUG_INFO = YES;
				ONLY_ACTIVE_ARCH = YES;
				SDKROOT = iphoneos;
				SWIFT_OPTIMIZATION_LEVEL = "-Onone";
				TARGETED_DEVICE_FAMILY = "1,2";
			};
			name = Debug;
		};
		5A2A44671DE41EDD006B7B97 /* Release */ = {
			isa = XCBuildConfiguration;
			buildSettings = {
				ALWAYS_SEARCH_USER_PATHS = NO;
				CLANG_CXX_LANGUAGE_STANDARD = "gnu++0x";
				CLANG_CXX_LIBRARY = "libc++";
				CLANG_ENABLE_MODULES = YES;
				CLANG_ENABLE_OBJC_ARC = YES;
				CLANG_WARN_BOOL_CONVERSION = YES;
				CLANG_WARN_CONSTANT_CONVERSION = YES;
				CLANG_WARN_DIRECT_OBJC_ISA_USAGE = YES_ERROR;
				CLANG_WARN_EMPTY_BODY = YES;
				CLANG_WARN_ENUM_CONVERSION = YES;
				CLANG_WARN_INT_CONVERSION = YES;
				CLANG_WARN_OBJC_ROOT_CLASS = YES_ERROR;
				CLANG_WARN_UNREACHABLE_CODE = YES;
				CLANG_WARN__DUPLICATE_METHOD_MATCH = YES;
				"CODE_SIGN_IDENTITY[sdk=iphoneos*]" = "iPhone Developer";
				COPY_PHASE_STRIP = NO;
				DEBUG_INFORMATION_FORMAT = "dwarf-with-dsym";
				ENABLE_NS_ASSERTIONS = NO;
				ENABLE_STRICT_OBJC_MSGSEND = YES;
				GCC_C_LANGUAGE_STANDARD = gnu99;
				GCC_NO_COMMON_BLOCKS = YES;
				GCC_WARN_64_TO_32_BIT_CONVERSION = YES;
				GCC_WARN_ABOUT_RETURN_TYPE = YES_ERROR;
				GCC_WARN_UNDECLARED_SELECTOR = YES;
				GCC_WARN_UNINITIALIZED_AUTOS = YES_AGGRESSIVE;
				GCC_WARN_UNUSED_FUNCTION = YES;
				GCC_WARN_UNUSED_VARIABLE = YES;
				IPHONEOS_DEPLOYMENT_TARGET = 9.2;
				MTL_ENABLE_DEBUG_INFO = NO;
				SDKROOT = iphoneos;
				TARGETED_DEVICE_FAMILY = "1,2";
				VALIDATE_PRODUCT = YES;
			};
			name = Release;
		};
		5A2A44691DE41EDD006B7B97 /* Debug */ = {
			isa = XCBuildConfiguration;
			buildSettings = {
				ASSETCATALOG_COMPILER_APPICON_NAME = AppIcon;
				INFOPLIST_FILE = iOSHeadPhone/Info.plist;
				LD_RUNPATH_SEARCH_PATHS = "$(inherited) @executable_path/Frameworks";
				PRODUCT_BUNDLE_IDENTIFIER = com.edifier.iOSHeadPhone;
				PRODUCT_NAME = "$(TARGET_NAME)";
			};
			name = Debug;
		};
		5A2A446A1DE41EDD006B7B97 /* Release */ = {
			isa = XCBuildConfiguration;
			buildSettings = {
				ASSETCATALOG_COMPILER_APPICON_NAME = AppIcon;
				INFOPLIST_FILE = iOSHeadPhone/Info.plist;
				LD_RUNPATH_SEARCH_PATHS = "$(inherited) @executable_path/Frameworks";
				PRODUCT_BUNDLE_IDENTIFIER = com.edifier.iOSHeadPhone;
				PRODUCT_NAME = "$(TARGET_NAME)";
			};
			name = Release;
		};
		5A2A446C1DE41EDD006B7B97 /* Debug */ = {
			isa = XCBuildConfiguration;
			buildSettings = {
				BUNDLE_LOADER = "$(TEST_HOST)";
				INFOPLIST_FILE = iOSHeadPhoneTests/Info.plist;
				LD_RUNPATH_SEARCH_PATHS = "$(inherited) @executable_path/Frameworks @loader_path/Frameworks";
				PRODUCT_BUNDLE_IDENTIFIER = com.edifier.iOSHeadPhoneTests;
				PRODUCT_NAME = "$(TARGET_NAME)";
				TEST_HOST = "$(BUILT_PRODUCTS_DIR)/iOSHeadPhone.app/iOSHeadPhone";
			};
			name = Debug;
		};
		5A2A446D1DE41EDD006B7B97 /* Release */ = {
			isa = XCBuildConfiguration;
			buildSettings = {
				BUNDLE_LOADER = "$(TEST_HOST)";
				INFOPLIST_FILE = iOSHeadPhoneTests/Info.plist;
				LD_RUNPATH_SEARCH_PATHS = "$(inherited) @executable_path/Frameworks @loader_path/Frameworks";
				PRODUCT_BUNDLE_IDENTIFIER = com.edifier.iOSHeadPhoneTests;
				PRODUCT_NAME = "$(TARGET_NAME)";
				TEST_HOST = "$(BUILT_PRODUCTS_DIR)/iOSHeadPhone.app/iOSHeadPhone";
			};
			name = Release;
		};
		5A2A446F1DE41EDD006B7B97 /* Debug */ = {
			isa = XCBuildConfiguration;
			buildSettings = {
				INFOPLIST_FILE = iOSHeadPhoneUITests/Info.plist;
				LD_RUNPATH_SEARCH_PATHS = "$(inherited) @executable_path/Frameworks @loader_path/Frameworks";
				PRODUCT_BUNDLE_IDENTIFIER = com.edifier.iOSHeadPhoneUITests;
				PRODUCT_NAME = "$(TARGET_NAME)";
				TEST_TARGET_NAME = iOSHeadPhone;
				USES_XCTRUNNER = YES;
			};
			name = Debug;
		};
		5A2A44701DE41EDD006B7B97 /* Release */ = {
			isa = XCBuildConfiguration;
			buildSettings = {
				INFOPLIST_FILE = iOSHeadPhoneUITests/Info.plist;
				LD_RUNPATH_SEARCH_PATHS = "$(inherited) @executable_path/Frameworks @loader_path/Frameworks";
				PRODUCT_BUNDLE_IDENTIFIER = com.edifier.iOSHeadPhoneUITests;
				PRODUCT_NAME = "$(TARGET_NAME)";
				TEST_TARGET_NAME = iOSHeadPhone;
				USES_XCTRUNNER = YES;
			};
			name = Release;
		};
/* End XCBuildConfiguration section */

/* Begin XCConfigurationList section */
		5A2A443B1DE41EDC006B7B97 /* Build configuration list for PBXProject "iOSHeadPhone" */ = {
			isa = XCConfigurationList;
			buildConfigurations = (
				5A2A44661DE41EDD006B7B97 /* Debug */,
				5A2A44671DE41EDD006B7B97 /* Release */,
			);
			defaultConfigurationIsVisible = 0;
			defaultConfigurationName = Release;
		};
		5A2A44681DE41EDD006B7B97 /* Build configuration list for PBXNativeTarget "iOSHeadPhone" */ = {
			isa = XCConfigurationList;
			buildConfigurations = (
				5A2A44691DE41EDD006B7B97 /* Debug */,
				5A2A446A1DE41EDD006B7B97 /* Release */,
			);
			defaultConfigurationIsVisible = 0;
		};
		5A2A446B1DE41EDD006B7B97 /* Build configuration list for PBXNativeTarget "iOSHeadPhoneTests" */ = {
			isa = XCConfigurationList;
			buildConfigurations = (
				5A2A446C1DE41EDD006B7B97 /* Debug */,
				5A2A446D1DE41EDD006B7B97 /* Release */,
			);
			defaultConfigurationIsVisible = 0;
		};
		5A2A446E1DE41EDD006B7B97 /* Build configuration list for PBXNativeTarget "iOSHeadPhoneUITests" */ = {
			isa = XCConfigurationList;
			buildConfigurations = (
				5A2A446F1DE41EDD006B7B97 /* Debug */,
				5A2A44701DE41EDD006B7B97 /* Release */,
			);
			defaultConfigurationIsVisible = 0;
		};
/* End XCConfigurationList section */
	};
	rootObject = 5A2A44381DE41EDC006B7B97 /* Project object */;
}
