// !$*UTF8*$!
{
	archiveVersion = 1;
	classes = {
	};
	objectVersion = 46;
	objects = {

/* Begin PBXBuildFile section */
		5A2A44441DE41EDD006B7B97 /* AppDelegate.swift in Sources */ = {isa = PBXBuildFile; fileRef = 5A2A44431DE41EDD006B7B97 /* AppDelegate.swift */; };
		5A2A44461DE41EDD006B7B97 /* ViewController.swift in Sources */ = {isa = PBXBuildFile; fileRef = 5A2A44451DE41EDD006B7B97 /* ViewController.swift */; };
		5A2A44491DE41EDD006B7B97 /* Main.storyboard in Resources */ = {isa = PBXBuildFile; fileRef = 5A2A44471DE41EDD006B7B97 /* Main.storyboard */; };
		5A2A444B1DE41EDD006B7B97 /* Assets.xcassets in Resources */ = {isa = PBXBuildFile; fileRef = 5A2A444A1DE41EDD006B7B97 /* Assets.xcassets */; };
		5A2A444E1DE41EDD006B7B97 /* LaunchScreen.storyboard in Resources */ = {isa = PBXBuildFile; fileRef = 5A2A444C1DE41EDD006B7B97 /* LaunchScreen.storyboard */; };
		5A2A44591DE41EDD006B7B97 /* iOSHeadPhoneTests.swift in Sources */ = {isa = PBXBuildFile; fileRef = 5A2A44581DE41EDD006B7B97 /* iOSHeadPhoneTests.swift */; };
		5A2A44641DE41EDD006B7B97 /* iOSHeadPhoneUITests.swift in Sources */ = {isa = PBXBuildFile; fileRef = 5A2A44631DE41EDD006B7B97 /* iOSHeadPhoneUITests.swift */; };
		5A2A44751DE42620006B7B97 /* Localizable.strings in Resources */ = {isa = PBXBuildFile; fileRef = 5A2A44771DE42620006B7B97 /* Localizable.strings */; };
		5A2A44821DE43381006B7B97 /* stm8l10x_fw.s19 in Resources */ = {isa = PBXBuildFile; fileRef = 5A2A44811DE43381006B7B97 /* stm8l10x_fw.s19 */; };
		5A2A44861DE43391006B7B97 /* CheckUpdate.swift in Sources */ = {isa = PBXBuildFile; fileRef = 5A2A44831DE43391006B7B97 /* CheckUpdate.swift */; };
		5A2A44871DE43391006B7B97 /* CLEADevice.swift in Sources */ = {isa = PBXBuildFile; fileRef = 5A2A44841DE43391006B7B97 /* CLEADevice.swift */; };
		5A2A44881DE43391006B7B97 /* CLEAProtocol.swift in Sources */ = {isa = PBXBuildFile; fileRef = 5A2A44851DE43391006B7B97 /* CLEAProtocol.swift */; };
		5A2A448A1DE4439D006B7B97 /* Logo.swift in Sources */ = {isa = PBXBuildFile; fileRef = 5A2A44891DE4439D006B7B97 /* Logo.swift */; };
		5A55E8501DE53A1F002415DB /* SetViewController.swift in Sources */ = {isa = PBXBuildFile; fileRef = 5A55E84F1DE53A1E002415DB /* SetViewController.swift */; };
		5A58E7201DE6670400C98781 /* YMLoadingView.swift in Sources */ = {isa = PBXBuildFile; fileRef = 5A58E71F1DE6670400C98781 /* YMLoadingView.swift */; };
		5A58E7251DE68CD600C98781 /* AboutUsViewController.swift in Sources */ = {isa = PBXBuildFile; fileRef = 5A58E7241DE68CD500C98781 /* AboutUsViewController.swift */; };
		5A605EBC1DEE5596007E53E8 /* InfoPlist.strings in Resources */ = {isa = PBXBuildFile; fileRef = 5A605EBE1DEE5596007E53E8 /* InfoPlist.strings */; };
		5A64C2F01DE5881900ECBF09 /* UpdateHeadPhoneViewController.swift in Sources */ = {isa = PBXBuildFile; fileRef = 5A64C2EF1DE5881900ECBF09 /* UpdateHeadPhoneViewController.swift */; };
/* End PBXBuildFile section */

/* Begin PBXContainerItemProxy section */
		5A2A44551DE41EDD006B7B97 /* PBXContainerItemProxy */ = {
			isa = PBXContainerItemProxy;
			containerPortal = 5A2A44381DE41EDC006B7B97 /* Project object */;
			proxyType = 1;
			remoteGlobalIDString = 5A2A443F1DE41EDD006B7B97;
			remoteInfo = iOSHeadPhone;
		};
		5A2A44601DE41EDD006B7B97 /* PBXContainerItemProxy */ = {
			isa = PBXContainerItemProxy;
			containerPortal = 5A2A44381DE41EDC006B7B97 /* Project object */;
			proxyType = 1;
			remoteGlobalIDString = 5A2A443F1DE41EDD006B7B97;
			remoteInfo = iOSHeadPhone;
		};
/* End PBXContainerItemProxy section */

/* Begin PBXFileReference section */
		5A2A44401DE41EDD006B7B97 /* Headphones.app */ = {isa = PBXFileReference; explicitFileType = wrapper.application; includeInIndex = 0; path = Headphones.app; sourceTree = BUILT_PRODUCTS_DIR; };
		5A2A44431DE41EDD006B7B97 /* AppDelegate.swift */ = {isa = PBXFileReference; lastKnownFileType = sourcecode.swift; path = AppDelegate.swift; sourceTree = "<group>"; };
		5A2A44451DE41EDD006B7B97 /* ViewController.swift */ = {isa = PBXFileReference; lastKnownFileType = sourcecode.swift; path = ViewController.swift; sourceTree = "<group>"; };
		5A2A44481DE41EDD006B7B97 /* Base */ = {isa = PBXFileReference; lastKnownFileType = file.storyboard; name = Base; path = Base.lproj/Main.storyboard; sourceTree = "<group>"; };
		5A2A444A1DE41EDD006B7B97 /* Assets.xcassets */ = {isa = PBXFileReference; lastKnownFileType = folder.assetcatalog; path = Assets.xcassets; sourceTree = "<group>"; };
		5A2A444D1DE41EDD006B7B97 /* Base */ = {isa = PBXFileReference; lastKnownFileType = file.storyboard; name = Base; path = Base.lproj/LaunchScreen.storyboard; sourceTree = "<group>"; };
		5A2A444F1DE41EDD006B7B97 /* Info.plist */ = {isa = PBXFileReference; lastKnownFileType = text.plist.xml; path = Info.plist; sourceTree = "<group>"; };
		5A2A44541DE41EDD006B7B97 /* iOSHeadPhoneTests.xctest */ = {isa = PBXFileReference; explicitFileType = wrapper.cfbundle; includeInIndex = 0; path = iOSHeadPhoneTests.xctest; sourceTree = BUILT_PRODUCTS_DIR; };
		5A2A44581DE41EDD006B7B97 /* iOSHeadPhoneTests.swift */ = {isa = PBXFileReference; lastKnownFileType = sourcecode.swift; path = iOSHeadPhoneTests.swift; sourceTree = "<group>"; };
		5A2A445A1DE41EDD006B7B97 /* Info.plist */ = {isa = PBXFileReference; lastKnownFileType = text.plist.xml; path = Info.plist; sourceTree = "<group>"; };
		5A2A445F1DE41EDD006B7B97 /* iOSHeadPhoneUITests.xctest */ = {isa = PBXFileReference; explicitFileType = wrapper.cfbundle; includeInIndex = 0; path = iOSHeadPhoneUITests.xctest; sourceTree = BUILT_PRODUCTS_DIR; };
		5A2A44631DE41EDD006B7B97 /* iOSHeadPhoneUITests.swift */ = {isa = PBXFileReference; lastKnownFileType = sourcecode.swift; path = iOSHeadPhoneUITests.swift; sourceTree = "<group>"; };
		5A2A44651DE41EDD006B7B97 /* Info.plist */ = {isa = PBXFileReference; lastKnownFileType = text.plist.xml; path = Info.plist; sourceTree = "<group>"; };
		5A2A44761DE42620006B7B97 /* zh-Hans */ = {isa = PBXFileReference; lastKnownFileType = text.plist.strings; name = "zh-Hans"; path = "zh-Hans.lproj/Localizable.strings"; sourceTree = "<group>"; };
		5A2A44781DE42625006B7B97 /* en */ = {isa = PBXFileReference; lastKnownFileType = text.plist.strings; name = en; path = en.lproj/Localizable.strings; sourceTree = "<group>"; };
		5A2A44811DE43381006B7B97 /* stm8l10x_fw.s19 */ = {isa = PBXFileReference; fileEncoding = 4; lastKnownFileType = text; path = stm8l10x_fw.s19; sourceTree = "<group>"; };
		5A2A44831DE43391006B7B97 /* CheckUpdate.swift */ = {isa = PBXFileReference; fileEncoding = 4; lastKnownFileType = sourcecode.swift; path = CheckUpdate.swift; sourceTree = "<group>"; };
		5A2A44841DE43391006B7B97 /* CLEADevice.swift */ = {isa = PBXFileReference; fileEncoding = 4; lastKnownFileType = sourcecode.swift; path = CLEADevice.swift; sourceTree = "<group>"; };
		5A2A44851DE43391006B7B97 /* CLEAProtocol.swift */ = {isa = PBXFileReference; fileEncoding = 4; lastKnownFileType = sourcecode.swift; path = CLEAProtocol.swift; sourceTree = "<group>"; };
		5A2A44891DE4439D006B7B97 /* Logo.swift */ = {isa = PBXFileReference; fileEncoding = 4; lastKnownFileType = sourcecode.swift; path = Logo.swift; sourceTree = "<group>"; };
		5A55E84F1DE53A1E002415DB /* SetViewController.swift */ = {isa = PBXFileReference; fileEncoding = 4; lastKnownFileType = sourcecode.swift; name = SetViewController.swift; path = ../SetViewController.swift; sourceTree = "<group>"; };
		5A58E71F1DE6670400C98781 /* YMLoadingView.swift */ = {isa = PBXFileReference; fileEncoding = 4; lastKnownFileType = sourcecode.swift; path = YMLoadingView.swift; sourceTree = "<group>"; };
		5A58E7231DE67AEC00C98781 /* MyPlayground.playground */ = {isa = PBXFileReference; lastKnownFileType = file.playground; path = MyPlayground.playground; sourceTree = "<group>"; };
		5A58E7241DE68CD500C98781 /* AboutUsViewController.swift */ = {isa = PBXFileReference; fileEncoding = 4; lastKnownFileType = sourcecode.swift; path = AboutUsViewController.swift; sourceTree = "<group>"; };
		5A605EBD1DEE5596007E53E8 /* zh-Hans */ = {isa = PBXFileReference; lastKnownFileType = text.plist.strings; name = "zh-Hans"; path = "zh-Hans.lproj/InfoPlist.strings"; sourceTree = "<group>"; };
		5A605EBF1DEE559A007E53E8 /* en */ = {isa = PBXFileReference; lastKnownFileType = text.plist.strings; name = en; path = en.lproj/InfoPlist.strings; sourceTree = "<group>"; };
		5A64C2EF1DE5881900ECBF09 /* UpdateHeadPhoneViewController.swift */ = {isa = PBXFileReference; fileEncoding = 4; lastKnownFileType = sourcecode.swift; path = UpdateHeadPhoneViewController.swift; sourceTree = "<group>"; };
/* End PBXFileReference section */

/* Begin PBXFrameworksBuildPhase section */
		5A2A443D1DE41EDD006B7B97 /* Frameworks */ = {
			isa = PBXFrameworksBuildPhase;
			buildActionMask = 2147483647;
			files = (
			);
			runOnlyForDeploymentPostprocessing = 0;
		};
		5A2A44511DE41EDD006B7B97 /* Frameworks */ = {
			isa = PBXFrameworksBuildPhase;
			buildActionMask = 2147483647;
			files = (
			);
			runOnlyForDeploymentPostprocessing = 0;
		};
		5A2A445C1DE41EDD006B7B97 /* Frameworks */ = {
			isa = PBXFrameworksBuildPhase;
			buildActionMask = 2147483647;
			files = (
			);
			runOnlyForDeploymentPostprocessing = 0;
		};
/* End PBXFrameworksBuildPhase section */

/* Begin PBXGroup section */
		5A2A44371DE41EDC006B7B97 = {
			isa = PBXGroup;
			children = (
				5A605EBE1DEE5596007E53E8 /* InfoPlist.strings */,
				5A2A44811DE43381006B7B97 /* stm8l10x_fw.s19 */,
				5A2A44771DE42620006B7B97 /* Localizable.strings */,
				5A2A44421DE41EDD006B7B97 /* iOSHeadPhone */,
				5A2A44571DE41EDD006B7B97 /* iOSHeadPhoneTests */,
				5A2A44621DE41EDD006B7B97 /* iOSHeadPhoneUITests */,
				5A2A44411DE41EDD006B7B97 /* Products */,
			);
			sourceTree = "<group>";
		};
		5A2A44411DE41EDD006B7B97 /* Products */ = {
			isa = PBXGroup;
			children = (
				5A2A44401DE41EDD006B7B97 /* Headphones.app */,
				5A2A44541DE41EDD006B7B97 /* iOSHeadPhoneTests.xctest */,
				5A2A445F1DE41EDD006B7B97 /* iOSHeadPhoneUITests.xctest */,
			);
			name = Products;
			sourceTree = "<group>";
		};
		5A2A44421DE41EDD006B7B97 /* iOSHeadPhone */ = {
			isa = PBXGroup;
			children = (
				5A58E71F1DE6670400C98781 /* YMLoadingView.swift */,
				5A55E84F1DE53A1E002415DB /* SetViewController.swift */,
				5A2A44891DE4439D006B7B97 /* Logo.swift */,
				5A2A44831DE43391006B7B97 /* CheckUpdate.swift */,
				5A2A44841DE43391006B7B97 /* CLEADevice.swift */,
				5A2A44431DE41EDD006B7B97 /* AppDelegate.swift */,
				5A2A44851DE43391006B7B97 /* CLEAProtocol.swift */,
				5A2A44451DE41EDD006B7B97 /* ViewController.swift */,
				5A2A44471DE41EDD006B7B97 /* Main.storyboard */,
				5A2A444A1DE41EDD006B7B97 /* Assets.xcassets */,
				5A2A444C1DE41EDD006B7B97 /* LaunchScreen.storyboard */,
				5A2A444F1DE41EDD006B7B97 /* Info.plist */,
				5A64C2EF1DE5881900ECBF09 /* UpdateHeadPhoneViewController.swift */,
				5A58E7231DE67AEC00C98781 /* MyPlayground.playground */,
				5A58E7241DE68CD500C98781 /* AboutUsViewController.swift */,
			);
			path = iOSHeadPhone;
			sourceTree = "<group>";
		};
		5A2A44571DE41EDD006B7B97 /* iOSHeadPhoneTests */ = {
			isa = PBXGroup;
			children = (
				5A2A44581DE41EDD006B7B97 /* iOSHeadPhoneTests.swift */,
				5A2A445A1DE41EDD006B7B97 /* Info.plist */,
			);
			path = iOSHeadPhoneTests;
			sourceTree = "<group>";
		};
		5A2A44621DE41EDD006B7B97 /* iOSHeadPhoneUITests */ = {
			isa = PBXGroup;
			children = (
				5A2A44631DE41EDD006B7B97 /* iOSHeadPhoneUITests.swift */,
				5A2A44651DE41EDD006B7B97 /* Info.plist */,
			);
			path = iOSHeadPhoneUITests;
			sourceTree = "<group>";
		};
/* End PBXGroup section */

/* Begin PBXNativeTarget section */
		5A2A443F1DE41EDD006B7B97 /* iOSHeadPhone */ = {
			isa = PBXNativeTarget;
			buildConfigurationList = 5A2A44681DE41EDD006B7B97 /* Build configuration list for PBXNativeTarget "iOSHeadPhone" */;
			buildPhases = (
				5A2A443C1DE41EDD006B7B97 /* Sources */,
				5A2A443D1DE41EDD006B7B97 /* Frameworks */,
				5A2A443E1DE41EDD006B7B97 /* Resources */,
			);
			buildRules = (
			);
			dependencies = (
			);
			name = iOSHeadPhone;
			productName = iOSHeadPhone;
			productReference = 5A2A44401DE41EDD006B7B97 /* Headphones.app */;
			productType = "com.apple.product-type.application";
		};
		5A2A44531DE41EDD006B7B97 /* iOSHeadPhoneTests */ = {
			isa = PBXNativeTarget;
			buildConfigurationList = 5A2A446B1DE41EDD006B7B97 /* Build configuration list for PBXNativeTarget "iOSHeadPhoneTests" */;
			buildPhases = (
				5A2A44501DE41EDD006B7B97 /* Sources */,
				5A2A44511DE41EDD006B7B97 /* Frameworks */,
				5A2A44521DE41EDD006B7B97 /* Resources */,
			);
			buildRules = (
			);
			dependencies = (
				5A2A44561DE41EDD006B7B97 /* PBXTargetDependency */,
			);
			name = iOSHeadPhoneTests;
			productName = iOSHeadPhoneTests;
			productReference = 5A2A44541DE41EDD006B7B97 /* iOSHeadPhoneTests.xctest */;
			productType = "com.apple.product-type.bundle.unit-test";
		};
		5A2A445E1DE41EDD006B7B97 /* iOSHeadPhoneUITests */ = {
			isa = PBXNativeTarget;
			buildConfigurationList = 5A2A446E1DE41EDD006B7B97 /* Build configuration list for PBXNativeTarget "iOSHeadPhoneUITests" */;
			buildPhases = (
				5A2A445B1DE41EDD006B7B97 /* Sources */,
				5A2A445C1DE41EDD006B7B97 /* Frameworks */,
				5A2A445D1DE41EDD006B7B97 /* Resources */,
			);
			buildRules = (
			);
			dependencies = (
				5A2A44611DE41EDD006B7B97 /* PBXTargetDependency */,
			);
			name = iOSHeadPhoneUITests;
			productName = iOSHeadPhoneUITests;
			productReference = 5A2A445F1DE41EDD006B7B97 /* iOSHeadPhoneUITests.xctest */;
			productType = "com.apple.product-type.bundle.ui-testing";
		};
/* End PBXNativeTarget section */

/* Begin PBXProject section */
		5A2A44381DE41EDC006B7B97 /* Project object */ = {
			isa = PBXProject;
			attributes = {
				LastSwiftUpdateCheck = 0720;
				LastUpgradeCheck = 0720;
				ORGANIZATIONNAME = EDF;
				TargetAttributes = {
					5A2A443F1DE41EDD006B7B97 = {
						CreatedOnToolsVersion = 7.2;
						DevelopmentTeam = H23MN65AK5;
					};
					5A2A44531DE41EDD006B7B97 = {
						CreatedOnToolsVersion = 7.2;
						TestTargetID = 5A2A443F1DE41EDD006B7B97;
					};
					5A2A445E1DE41EDD006B7B97 = {
						CreatedOnToolsVersion = 7.2;
						TestTargetID = 5A2A443F1DE41EDD006B7B97;
					};
				};
			};
			buildConfigurationList = 5A2A443B1DE41EDC006B7B97 /* Build configuration list for PBXProject "iOSHeadPhone" */;
			compatibilityVersion = "Xcode 3.2";
			developmentRegion = English;
			hasScannedForEncodings = 0;
			knownRegions = (
				en,
				Base,
			);
			mainGroup = 5A2A44371DE41EDC006B7B97;
			productRefGroup = 5A2A44411DE41EDD006B7B97 /* Products */;
			projectDirPath = "";
			projectRoot = "";
			targets = (
				5A2A443F1DE41EDD006B7B97 /* iOSHeadPhone */,
				5A2A44531DE41EDD006B7B97 /* iOSHeadPhoneTests */,
				5A2A445E1DE41EDD006B7B97 /* iOSHeadPhoneUITests */,
			);
		};
/* End PBXProject section */

/* Begin PBXResourcesBuildPhase section */
		5A2A443E1DE41EDD006B7B97 /* Resources */ = {
			isa = PBXResourcesBuildPhase;
			buildActionMask = 2147483647;
			files = (
				5A2A444E1DE41EDD006B7B97 /* LaunchScreen.storyboard in Resources */,
				5A605EBC1DEE5596007E53E8 /* InfoPlist.strings in Resources */,
				5A2A44751DE42620006B7B97 /* Localizable.strings in Resources */,
				5A2A444B1DE41EDD006B7B97 /* Assets.xcassets in Resources */,
				5A2A44821DE43381006B7B97 /* stm8l10x_fw.s19 in Resources */,
				5A2A44491DE41EDD006B7B97 /* Main.storyboard in Resources */,
			);
			runOnlyForDeploymentPostprocessing = 0;
		};
		5A2A44521DE41EDD006B7B97 /* Resources */ = {
			isa = PBXResourcesBuildPhase;
			buildActionMask = 2147483647;
			files = (
			);
			runOnlyForDeploymentPostprocessing = 0;
		};
		5A2A445D1DE41EDD006B7B97 /* Resources */ = {
			isa = PBXResourcesBuildPhase;
			buildActionMask = 2147483647;
			files = (
			);
			runOnlyForDeploymentPostprocessing = 0;
		};
/* End PBXResourcesBuildPhase section */

/* Begin PBXSourcesBuildPhase section */
		5A2A443C1DE41EDD006B7B97 /* Sources */ = {
			isa = PBXSourcesBuildPhase;
			buildActionMask = 2147483647;
			files = (
				5A58E7251DE68CD600C98781 /* AboutUsViewController.swift in Sources */,
				5A2A44871DE43391006B7B97 /* CLEADevice.swift in Sources */,
				5A2A44881DE43391006B7B97 /* CLEAProtocol.swift in Sources */,
				5A58E7201DE6670400C98781 /* YMLoadingView.swift in Sources */,
				5A2A44461DE41EDD006B7B97 /* ViewController.swift in Sources */,
				5A2A44441DE41EDD006B7B97 /* AppDelegate.swift in Sources */,
				5A64C2F01DE5881900ECBF09 /* UpdateHeadPhoneViewController.swift in Sources */,
				5A55E8501DE53A1F002415DB /* SetViewController.swift in Sources */,
				5A2A448A1DE4439D006B7B97 /* Logo.swift in Sources */,
				5A2A44861DE43391006B7B97 /* CheckUpdate.swift in Sources */,
			);
			runOnlyForDeploymentPostprocessing = 0;
		};
		5A2A44501DE41EDD006B7B97 /* Sources */ = {
			isa = PBXSourcesBuildPhase;
			buildActionMask = 2147483647;
			files = (
				5A2A44591DE41EDD006B7B97 /* iOSHeadPhoneTests.swift in Sources */,
			);
			runOnlyForDeploymentPostprocessing = 0;
		};
		5A2A445B1DE41EDD006B7B97 /* Sources */ = {
			isa = PBXSourcesBuildPhase;
			buildActionMask = 2147483647;
			files = (
				5A2A44641DE41EDD006B7B97 /* iOSHeadPhoneUITests.swift in Sources */,
			);
			runOnlyForDeploymentPostprocessing = 0;
		};
/* End PBXSourcesBuildPhase section */

/* Begin PBXTargetDependency section */
		5A2A44561DE41EDD006B7B97 /* PBXTargetDependency */ = {
			isa = PBXTargetDependency;
			target = 5A2A443F1DE41EDD006B7B97 /* iOSHeadPhone */;
			targetProxy = 5A2A44551DE41EDD006B7B97 /* PBXContainerItemProxy */;
		};
		5A2A44611DE41EDD006B7B97 /* PBXTargetDependency */ = {
			isa = PBXTargetDependency;
			target = 5A2A443F1DE41EDD006B7B97 /* iOSHeadPhone */;
			targetProxy = 5A2A44601DE41EDD006B7B97 /* PBXContainerItemProxy */;
		};
/* End PBXTargetDependency section */

/* Begin PBXVariantGroup section */
		5A2A44471DE41EDD006B7B97 /* Main.storyboard */ = {
			isa = PBXVariantGroup;
			children = (
				5A2A44481DE41EDD006B7B97 /* Base */,
			);
			name = Main.storyboard;
			sourceTree = "<group>";
		};
		5A2A444C1DE41EDD006B7B97 /* LaunchScreen.storyboard */ = {
			isa = PBXVariantGroup;
			children = (
				5A2A444D1DE41EDD006B7B97 /* Base */,
			);
			name = LaunchScreen.storyboard;
			sourceTree = "<group>";
		};
		5A2A44771DE42620006B7B97 /* Localizable.strings */ = {
			isa = PBXVariantGroup;
			children = (
				5A2A44761DE42620006B7B97 /* zh-Hans */,
				5A2A44781DE42625006B7B97 /* en */,
			);
			name = Localizable.strings;
			sourceTree = "<group>";
		};
		5A605EBE1DEE5596007E53E8 /* InfoPlist.strings */ = {
			isa = PBXVariantGroup;
			children = (
				5A605EBD1DEE5596007E53E8 /* zh-Hans */,
				5A605EBF1DEE559A007E53E8 /* en */,
			);
			name = InfoPlist.strings;
			sourceTree = "<group>";
		};
/* End PBXVariantGroup section */

/* Begin XCBuildConfiguration section */
		5A2A44661DE41EDD006B7B97 /* Debug */ = {
			isa = XCBuildConfiguration;
			buildSettings = {
				ALWAYS_SEARCH_USER_PATHS = NO;
				CLANG_CXX_LANGUAGE_STANDARD = "gnu++0x";
				CLANG_CXX_LIBRARY = "libc++";
				CLANG_ENABLE_MODULES = YES;
				CLANG_ENABLE_OBJC_ARC = YES;
				CLANG_WARN_BOOL_CONVERSION = YES;
				CLANG_WARN_CONSTANT_CONVERSION = YES;
				CLANG_WARN_DIRECT_OBJC_ISA_USAGE = YES_ERROR;
				CLANG_WARN_EMPTY_BODY = YES;
				CLANG_WARN_ENUM_CONVERSION = YES;
				CLANG_WARN_INT_CONVERSION = YES;
				CLANG_WARN_OBJC_ROOT_CLASS = YES_ERROR;
				CLANG_WARN_UNREACHABLE_CODE = YES;
				CLANG_WARN__DUPLICATE_METHOD_MATCH = YES;
				CODE_SIGN_IDENTITY = "iPhone Distribution: BEIJING EDIFIER TECHNOLOGY CO.,LTD. (H23MN65AK5)";
				"CODE_SIGN_IDENTITY[sdk=iphoneos*]" = "iPhone Distribution: BEIJING EDIFIER TECHNOLOGY CO.,LTD. (H23MN65AK5)";
				COPY_PHASE_STRIP = NO;
				DEBUG_INFORMATION_FORMAT = dwarf;
				ENABLE_STRICT_OBJC_MSGSEND = YES;
				ENABLE_TESTABILITY = YES;
				GCC_C_LANGUAGE_STANDARD = gnu99;
				GCC_DYNAMIC_NO_PIC = NO;
				GCC_NO_COMMON_BLOCKS = YES;
				GCC_OPTIMIZATION_LEVEL = 0;
				GCC_PREPROCESSOR_DEFINITIONS = (
					"DEBUG=1",
					"$(inherited)",
				);
				GCC_WARN_64_TO_32_BIT_CONVERSION = YES;
				GCC_WARN_ABOUT_RETURN_TYPE = YES_ERROR;
				GCC_WARN_UNDECLARED_SELECTOR = YES;
				GCC_WARN_UNINITIALIZED_AUTOS = YES_AGGRESSIVE;
				GCC_WARN_UNUSED_FUNCTION = YES;
				GCC_WARN_UNUSED_VARIABLE = YES;
				IPHONEOS_DEPLOYMENT_TARGET = 9.2;
				MTL_ENABLE_DEBUG_INFO = YES;
				ONLY_ACTIVE_ARCH = YES;
				PROVISIONING_PROFILE = "";
				SDKROOT = iphoneos;
				SWIFT_OPTIMIZATION_LEVEL = "-Onone";
				TARGETED_DEVICE_FAMILY = "1,2";
			};
			name = Debug;
		};
		5A2A44671DE41EDD006B7B97 /* Release */ = {
			isa = XCBuildConfiguration;
			buildSettings = {
				ALWAYS_SEARCH_USER_PATHS = NO;
				CLANG_CXX_LANGUAGE_STANDARD = "gnu++0x";
				CLANG_CXX_LIBRARY = "libc++";
				CLANG_ENABLE_MODULES = YES;
				CLANG_ENABLE_OBJC_ARC = YES;
				CLANG_WARN_BOOL_CONVERSION = YES;
				CLANG_WARN_CONSTANT_CONVERSION = YES;
				CLANG_WARN_DIRECT_OBJC_ISA_USAGE = YES_ERROR;
				CLANG_WARN_EMPTY_BODY = YES;
				CLANG_WARN_ENUM_CONVERSION = YES;
				CLANG_WARN_INT_CONVERSION = YES;
				CLANG_WARN_OBJC_ROOT_CLASS = YES_ERROR;
				CLANG_WARN_UNREACHABLE_CODE = YES;
				CLANG_WARN__DUPLICATE_METHOD_MATCH = YES;
				CODE_SIGN_IDENTITY = "iPhone Distribution: BEIJING EDIFIER TECHNOLOGY CO.,LTD. (H23MN65AK5)";
				"CODE_SIGN_IDENTITY[sdk=iphoneos*]" = "iPhone Distribution: BEIJING EDIFIER TECHNOLOGY CO.,LTD. (H23MN65AK5)";
				COPY_PHASE_STRIP = NO;
				DEBUG_INFORMATION_FORMAT = "dwarf-with-dsym";
				ENABLE_NS_ASSERTIONS = NO;
				ENABLE_STRICT_OBJC_MSGSEND = YES;
				GCC_C_LANGUAGE_STANDARD = gnu99;
				GCC_NO_COMMON_BLOCKS = YES;
				GCC_WARN_64_TO_32_BIT_CONVERSION = YES;
				GCC_WARN_ABOUT_RETURN_TYPE = YES_ERROR;
				GCC_WARN_UNDECLARED_SELECTOR = YES;
				GCC_WARN_UNINITIALIZED_AUTOS = YES_AGGRESSIVE;
				GCC_WARN_UNUSED_FUNCTION = YES;
				GCC_WARN_UNUSED_VARIABLE = YES;
				IPHONEOS_DEPLOYMENT_TARGET = 9.2;
				MTL_ENABLE_DEBUG_INFO = NO;
				PROVISIONING_PROFILE = "";
				SDKROOT = iphoneos;
				TARGETED_DEVICE_FAMILY = "1,2";
				VALIDATE_PRODUCT = YES;
			};
			name = Release;
		};
		5A2A44691DE41EDD006B7B97 /* Debug */ = {
			isa = XCBuildConfiguration;
			buildSettings = {
				ASSETCATALOG_COMPILER_APPICON_NAME = AppIcon;
				CODE_SIGN_IDENTITY = "iPhone Developer";
				"CODE_SIGN_IDENTITY[sdk=iphoneos*]" = "iPhone Developer";
				INFOPLIST_FILE = iOSHeadPhone/Info.plist;
				IPHONEOS_DEPLOYMENT_TARGET = 9.0;
				LD_RUNPATH_SEARCH_PATHS = "$(inherited) @executable_path/Frameworks";
				PRODUCT_BUNDLE_IDENTIFIER = com.edifier.iOSHeadphone;
				PRODUCT_NAME = Headphones;
				PROVISIONING_PROFILE = "";
			};
			name = Debug;
		};
		5A2A446A1DE41EDD006B7B97 /* Release */ = {
			isa = XCBuildConfiguration;
			buildSettings = {
				ASSETCATALOG_COMPILER_APPICON_NAME = AppIcon;
				CODE_SIGN_IDENTITY = "iPhone Developer";
				"CODE_SIGN_IDENTITY[sdk=iphoneos*]" = "iPhone Developer";
				INFOPLIST_FILE = iOSHeadPhone/Info.plist;
				IPHONEOS_DEPLOYMENT_TARGET = 9.0;
				LD_RUNPATH_SEARCH_PATHS = "$(inherited) @executable_path/Frameworks";
				PRODUCT_BUNDLE_IDENTIFIER = com.edifier.iOSHeadphone;
				PRODUCT_NAME = Headphones;
				PROVISIONING_PROFILE = "";
			};
			name = Release;
		};
		5A2A446C1DE41EDD006B7B97 /* Debug */ = {
			isa = XCBuildConfiguration;
			buildSettings = {
				BUNDLE_LOADER = "$(TEST_HOST)";
				INFOPLIST_FILE = iOSHeadPhoneTests/Info.plist;
				LD_RUNPATH_SEARCH_PATHS = "$(inherited) @executable_path/Frameworks @loader_path/Frameworks";
				PRODUCT_BUNDLE_IDENTIFIER = com.edifier.iOSHeadPhoneTests;
				PRODUCT_NAME = "$(TARGET_NAME)";
				TEST_HOST = "$(BUILT_PRODUCTS_DIR)/iOSHeadPhone.app/iOSHeadPhone";
			};
			name = Debug;
		};
		5A2A446D1DE41EDD006B7B97 /* Release */ = {
			isa = XCBuildConfiguration;
			buildSettings = {
				BUNDLE_LOADER = "$(TEST_HOST)";
				INFOPLIST_FILE = iOSHeadPhoneTests/Info.plist;
				LD_RUNPATH_SEARCH_PATHS = "$(inherited) @executable_path/Frameworks @loader_path/Frameworks";
				PRODUCT_BUNDLE_IDENTIFIER = com.edifier.iOSHeadPhoneTests;
				PRODUCT_NAME = "$(TARGET_NAME)";
				TEST_HOST = "$(BUILT_PRODUCTS_DIR)/iOSHeadPhone.app/iOSHeadPhone";
			};
			name = Release;
		};
		5A2A446F1DE41EDD006B7B97 /* Debug */ = {
			isa = XCBuildConfiguration;
			buildSettings = {
				INFOPLIST_FILE = iOSHeadPhoneUITests/Info.plist;
				LD_RUNPATH_SEARCH_PATHS = "$(inherited) @executable_path/Frameworks @loader_path/Frameworks";
				PRODUCT_BUNDLE_IDENTIFIER = com.edifier.iOSHeadPhoneUITests;
				PRODUCT_NAME = "$(TARGET_NAME)";
				TEST_TARGET_NAME = iOSHeadPhone;
				USES_XCTRUNNER = YES;
			};
			name = Debug;
		};
		5A2A44701DE41EDD006B7B97 /* Release */ = {
			isa = XCBuildConfiguration;
			buildSettings = {
				INFOPLIST_FILE = iOSHeadPhoneUITests/Info.plist;
				LD_RUNPATH_SEARCH_PATHS = "$(inherited) @executable_path/Frameworks @loader_path/Frameworks";
				PRODUCT_BUNDLE_IDENTIFIER = com.edifier.iOSHeadPhoneUITests;
				PRODUCT_NAME = "$(TARGET_NAME)";
				TEST_TARGET_NAME = iOSHeadPhone;
				USES_XCTRUNNER = YES;
			};
			name = Release;
		};
/* End XCBuildConfiguration section */

/* Begin XCConfigurationList section */
		5A2A443B1DE41EDC006B7B97 /* Build configuration list for PBXProject "iOSHeadPhone" */ = {
			isa = XCConfigurationList;
			buildConfigurations = (
				5A2A44661DE41EDD006B7B97 /* Debug */,
				5A2A44671DE41EDD006B7B97 /* Release */,
			);
			defaultConfigurationIsVisible = 0;
			defaultConfigurationName = Release;
		};
		5A2A44681DE41EDD006B7B97 /* Build configuration list for PBXNativeTarget "iOSHeadPhone" */ = {
			isa = XCConfigurationList;
			buildConfigurations = (
				5A2A44691DE41EDD006B7B97 /* Debug */,
				5A2A446A1DE41EDD006B7B97 /* Release */,
			);
			defaultConfigurationIsVisible = 0;
			defaultConfigurationName = Release;
		};
		5A2A446B1DE41EDD006B7B97 /* Build configuration list for PBXNativeTarget "iOSHeadPhoneTests" */ = {
			isa = XCConfigurationList;
			buildConfigurations = (
				5A2A446C1DE41EDD006B7B97 /* Debug */,
				5A2A446D1DE41EDD006B7B97 /* Release */,
			);
			defaultConfigurationIsVisible = 0;
			defaultConfigurationName = Release;
		};
		5A2A446E1DE41EDD006B7B97 /* Build configuration list for PBXNativeTarget "iOSHeadPhoneUITests" */ = {
			isa = XCConfigurationList;
			buildConfigurations = (
				5A2A446F1DE41EDD006B7B97 /* Debug */,
				5A2A44701DE41EDD006B7B97 /* Release */,
			);
			defaultConfigurationIsVisible = 0;
			defaultConfigurationName = Release;
		};
/* End XCConfigurationList section */
	};
	rootObject = 5A2A44381DE41EDC006B7B97 /* Project object */;
}
